# THIS IS AN AUTOGENERATED FILE. DO NOT EDIT THIS FILE DIRECTLY.
# yarn lockfile v1


"@tanstack/query-core@5.25.0":
  version "5.25.0"
  resolved "https://registry.yarnpkg.com/@tanstack/query-core/-/query-core-5.25.0.tgz#e08ed0a9fad34c8005d1a282e57280031ac50cdc"
  integrity sha512-vlobHP64HTuSE68lWF1mEhwSRC5Q7gaT+a/m9S+ItuN+ruSOxe1rFnR9j0ACWQ314BPhBEVKfBQ6mHL0OWfdbQ==

"@tanstack/react-query@^5.25.0":
  version "5.25.0"
  resolved "https://registry.yarnpkg.com/@tanstack/react-query/-/react-query-5.25.0.tgz#f4dac794cf10dd956aa56dbbdf67049a5ba2669d"
  integrity sha512-u+n5R7mLO7RmeiIonpaCRVXNRWtZEef/aVZ/XGWRPa7trBIvGtzlfo0Ah7ZtnTYfrKEVwnZ/tzRCBcoiqJ/tFw==
  dependencies:
    "@tanstack/query-core" "5.25.0"
